hash: 3925b7e7759f2cae15d13420da82af266b80821688894827542a8f2c662a6807
updated: 2018-09-06T14:42:19.362509539+05:30
imports:
- name: cloud.google.com/go
  version: 24ab414b448dd710f8d7555126880a377ea1a1f4
  subpackages:
  - compute/metadata
- name: github.com/abbot/go-http-auth
  version: b6a92f468f2b01961e796d20e3ec5bbb8a8297d6
- name: github.com/advance512/yaml
  version: e401b2b026855a4fa8e7014d553ae5bdfccb21cd
- name: github.com/ahl5esoft/golang-underscore
  version: 39688c97b603cdbf661da7dd941f7e74d0f07cde
- name: github.com/alexeyco/simpletable
  version: 0c9ae9b651f22981c147564942371852a9a6f629
- name: github.com/andybalholm/cascadia
  version: 349dd0209470eabd9514242c688c403c0926d266
- name: github.com/araddon/dateparse
  version: ca7e753bd149dae747d76fa7d52b20b920f3a814
- name: github.com/artpar/api2go
  version: 23a3d58fceb72c1bdb8aceac2d3a7c964db35d67
  subpackages:
  - jsonapi
  - routing
- name: github.com/artpar/api2go-adapter
  version: 28e02b7f1c80e56b0fb852782e216305d01a1999
  subpackages:
  - gingonic
- name: github.com/artpar/conform
  version: a5409cc587c60d7805e75e66f63274397712290d
- name: github.com/artpar/go.uuid
  version: 36e9d2ebbde5e3f13ab2e25625fd453271d6522e
- name: github.com/artpar/rclone
  version: 0a7cfc573a9810714ff3c1c3402d47814d640a1c
  subpackages:
  - backend/alias
  - backend/all
  - backend/amazonclouddrive
  - backend/azureblob
  - backend/b2
  - backend/b2/api
  - backend/box
  - backend/box/api
  - backend/cache
  - backend/crypt
  - backend/crypt/pkcs7
  - backend/drive
  - backend/dropbox
  - backend/dropbox/dbhash
  - backend/ftp
  - backend/googlecloudstorage
  - backend/http
  - backend/hubic
  - backend/local
  - backend/mega
  - backend/onedrive
  - backend/onedrive/api
  - backend/onedrive/quickxorhash
  - backend/opendrive
  - backend/pcloud
  - backend/pcloud/api
  - backend/qingstor
  - backend/s3
  - backend/sftp
  - backend/swift
  - backend/webdav
  - backend/webdav/api
  - backend/webdav/odrvcookie
  - backend/yandex
  - backend/yandex/api
  - cmd
  - cmd/serve/httplib
  - cmd/serve/httplib/httpflags
  - fs
  - fs/accounting
  - fs/asyncreader
  - fs/config
  - fs/config/configflags
  - fs/config/configmap
  - fs/config/configstruct
  - fs/config/flags
  - fs/config/obscure
  - fs/driveletter
  - fs/filter
  - fs/filter/filterflags
  - fs/fserrors
  - fs/fshttp
  - fs/fspath
  - fs/hash
  - fs/list
  - fs/log
  - fs/march
  - fs/object
  - fs/operations
  - fs/rc
  - fs/rc/rcflags
  - fs/sync
  - fs/walk
  - lib/atexit
  - lib/dircache
  - lib/oauthutil
  - lib/pacer
  - lib/readers
  - lib/rest
- name: github.com/artpar/resty
  version: cbd85f7cf881b5d8f42fd8a8b66d9461193762c9
- name: github.com/aws/aws-sdk-go
  version: 262fa7531bccfe21fc41b25bde81dad7e8ea3320
  subpackages:
  - aws
  - aws/awserr
  - aws/awsutil
  - aws/client
  - aws/client/metadata
  - aws/corehandlers
  - aws/credentials
  - aws/credentials/ec2rolecreds
  - aws/credentials/endpointcreds
  - aws/credentials/stscreds
  - aws/defaults
  - aws/ec2metadata
  - aws/endpoints
  - aws/request
  - aws/session
  - aws/signer/v4
  - internal/shareddefaults
  - private/protocol
  - private/protocol/query
  - private/protocol/query/queryutil
  - private/protocol/rest
  - private/protocol/restxml
  - private/protocol/xml/xmlutil
  - service/s3
  - service/s3/s3iface
  - service/s3/s3manager
  - service/sts
- name: github.com/Azure/azure-pipeline-go
  version: 7571e8eb0876932ab505918ff7ed5107773e5ee2
  subpackages:
  - pipeline
- name: github.com/Azure/azure-storage-blob-go
  version: 197d1c0aea1b9eedbbaee0a1a32bf81e879bde80
  subpackages:
  - 2018-03-28/azblob
- name: github.com/bamzi/jobrunner
  version: 273175f8b6ebabab8a639a4e6260a5c50fbf016a
- name: github.com/boombuler/barcode
  version: 3cfea5ab600ae37946be2b763b8ec2c1cf2d272d
  subpackages:
  - qr
  - utils
- name: github.com/coreos/bbolt
  version: 48ea1b39c25fc1bab3506fbc712ecbaa842c4d2d
- name: github.com/corpix/uarand
  version: 2b8494104d86337cdd41d0a49cbed8e4583c0ab4
- name: github.com/daaku/go.zipexe
  version: a5fe2436ffcb3236e175e5149162b41cd28bd27d
- name: github.com/dgrijalva/jwt-go
  version: 06ea1031745cb8b3dab3f6a236daf2b0aa468b7e
- name: github.com/digitalocean/godo
  version: 7a32b5ce17203924a21366d5031032fd326d5051
- name: github.com/dlclark/regexp2
  version: 7632a260cbaf5e7594fc1544a503456ecd0827f1
  subpackages:
  - syntax
- name: github.com/dop251/goja
  version: 507e36ce7afc72bb5cb8fc0ee57282dd55990c08
  subpackages:
  - ast
  - file
  - parser
  - token
- name: github.com/dropbox/dropbox-sdk-go-unofficial
  version: 91af7487000a752fa2d77f245665a81da072d122
  subpackages:
  - dropbox
  - dropbox/async
  - dropbox/common
  - dropbox/file_properties
  - dropbox/files
  - dropbox/sharing
  - dropbox/team_common
  - dropbox/team_policies
  - dropbox/users
  - dropbox/users_common
- name: github.com/etgryphon/stringUp
  version: 31534ccd8cac1d3d205c906ea5722928b045ed8c
- name: github.com/fsnotify/fsnotify
  version: 4da3e2cfbabc9f751898f250b49f2439785783a1
- name: github.com/GeertJohan/go.rice
  version: c02ca9a983da5807ddf7d796784928f5be4afd09
  subpackages:
  - embedded
- name: github.com/gin-contrib/sse
  version: 22d885f9ecc78bf4ee5d72b937e4bbcdc58e8cae
- name: github.com/gin-contrib/static
  version: e6b7eb92648d0a5faeea81700668a7a5dbe8424f
- name: github.com/gin-gonic/gin
  version: 76ad15ab32d000115cb7622a8317d7425dfc039c
  subpackages:
  - binding
  - json
  - render
- name: github.com/go-ini/ini
  version: f280b3ba517bf5fc98922624f21fb0e7a92adaec
- name: github.com/go-playground/locales
  version: f63010822830b6fe52288ee52d5a1151088ce039
  subpackages:
  - currency
  - en
- name: github.com/go-playground/universal-translator
  version: b32fa301c9fe55953584134cb6853a13c87ec0a1
- name: github.com/go-playground/validator
  version: e69e9a28bb62b977fdc58d051f1bb477b7cbe486
- name: github.com/go-sql-driver/mysql
  version: d523deb1b23d913de5bdada721a6071e71283618
- name: github.com/gocarina/gocsv
  version: a5c9099e2484f1551abb9433885e158610a25f4b
- name: github.com/gocraft/health
  version: 8675af27fef0dc5c973d0957f1b1b50ffac513f9
  subpackages:
  - stack
- name: github.com/golang/protobuf
  version: 4bd1920723d7b7c925de087aa32e2187708897f7
  subpackages:
  - proto
- name: github.com/gonum/blas
  version: 37e82626499e1df7c54aeaba0959fd6e7e8dc1e4
  subpackages:
  - blas64
  - native
  - native/internal/math32
- name: github.com/gonum/floats
  version: f74b330d45c56584a6ea7a27f5c64ea2900631e9
- name: github.com/gonum/internal
  version: e57e4534cf9b3b00ef6c0175f59d8d2d34f60914
  subpackages:
  - asm/f32
  - asm/f64
- name: github.com/gonum/lapack
  version: 5ed4b826becd1807e09377508f51756586d1a98c
  subpackages:
  - lapack64
  - native
- name: github.com/gonum/matrix
  version: dd6034299e4242c9f0ea36735e6d4264dfcb3f9f
  subpackages:
  - mat64
- name: github.com/gonum/stat
  version: 40602ac931a7ab7f72cb1eff5ce1753a2d28d345
- name: github.com/google/go-querystring
  version: 53e6ce116135b80d037921a7fdd5138cf32d7a8a
  subpackages:
  - query
- name: github.com/gorilla/context
  version: 08b5f424b9271eedf6f9f0ce86cb9396ed337a42
- name: github.com/gorilla/mux
  version: 5bbbb5b2b5729b132181cc7f4aa3b3c973e9a0ed
- name: github.com/graphql-go/graphql
  version: 5c1be0872a56fba73b279434ea95dfda735abedd
  subpackages:
  - gqlerrors
  - language/ast
  - language/kinds
  - language/lexer
  - language/location
  - language/parser
  - language/printer
  - language/source
  - language/typeInfo
  - language/visitor
- name: github.com/graphql-go/handler
  version: f0393b2c10daeebea900292b8e092e73475399d9
- name: github.com/graphql-go/relay
  version: 54350098cfe5942bc76186efa1f29ca286f6d54d
- name: github.com/hashicorp/hcl
  version: 23c074d0eceb2b8a5bfdbb271ab780cde70f05a8
  subpackages:
  - hcl/ast
  - hcl/parser
  - hcl/scanner
  - hcl/strconv
  - hcl/token
  - json/parser
  - json/scanner
  - json/token
- name: github.com/icrowley/fake
  version: e64cc2cf92049a299f359734c6ea76073f2a8b2c
- name: github.com/inconshreveable/mousetrap
  version: 76626ae9c91c4f2a10f34cad8ce83ea42c93bb75
- name: github.com/jamiealquiza/envy
  version: 0bbd0e6a316f4aedb2fcb3eaaabd3e89d88d606f
- name: github.com/jbenet/go-context
  version: d14ea06fba99483203c19d92cfcd13ebe73135f4
  subpackages:
  - io
- name: github.com/jinzhu/copier
  version: db4671f3a9b8df855e993f7c94ec5ef1ffb0a23b
- name: github.com/jlaffaye/ftp
  version: 299b7ff5b6096588cceca2edc1fc9f557002fb85
- name: github.com/jmespath/go-jmespath
  version: bd40a432e4c76585ef6b72d3fd96fb9b6dc7b68d
- name: github.com/jmoiron/sqlx
  version: 3379e5993990b1f927fc8db926485e6f6becf2d2
  subpackages:
  - reflectx
- name: github.com/json-iterator/go
  version: 36b14963da70d11297d313183d7e6388c8510e1e
- name: github.com/julienschmidt/httprouter
  version: e1b9828bc9e5904baec057a154c09ca40fe7fae0
- name: github.com/kardianos/osext
  version: ae77be60afb1dcacde03767a8c37337fad28ac14
- name: github.com/kniren/gota
  version: 737ddace4c9ee84d774f8747c855639a81b5f7c2
  subpackages:
  - dataframe
  - series
- name: github.com/kr/fs
  version: 2788f0dbd16903de03cb8186e5c7d97b69ad387b
- name: github.com/labstack/echo
  version: c8bedd1cf928bcd4315f771319d3063746066c11
- name: github.com/labstack/gommon
  version: 6fe1405d73ec4bd4cd8a4ac8e2a2b2bf95d03954
  subpackages:
  - color
  - log
- name: github.com/lann/builder
  version: f22ce00fd9394014049dad11c244859432bd6820
- name: github.com/lann/ps
  version: 62de8c46ede02a7675c4c79c84883eb164cb71e3
- name: github.com/lib/pq
  version: b609790bd85edf8e9ab7e0f8912750a786177bcf
  subpackages:
  - oid
- name: github.com/looplab/fsm
  version: bcc3636384ce80a109a6039432b30ff5b82476ee
- name: github.com/magiconair/properties
  version: 49d762b9817ba1c2e9d0c69183c2b4a8b8f1d934
- name: github.com/mattn/go-colorable
  version: 586e6dcca296d085100876beb6dbf02287a247f7
- name: github.com/mattn/go-isatty
  version: 6ca4dbf54d38eea1a992b3c722a76a5d1c4cb25c
- name: github.com/mattn/go-sqlite3
  version: 25ecb14adfc7543176f7d85291ec7dba82c6f7e4
- name: github.com/mitchellh/go-homedir
  version: b8bc1bf767474819792c23f32d8286a45736f1c6
- name: github.com/mitchellh/mapstructure
  version: 06020f85339e21b2478f756a78e295255ffa4d6a
- name: github.com/ncw/go-acd
  version: 96a49aad3fc3889629f2eceb004927386884bd92
- name: github.com/ncw/swift
  version: c95c6e5c2d1a3d37fc44c8c6dc9e231c7500667d
- name: github.com/patrickmn/go-cache
  version: a3647f8e31d79543b2d0f0ae2fe5c379d72cedc0
- name: github.com/pelletier/go-toml
  version: 4e9e0ee19b60b13eb79915933f44d8ed5f268bdd
- name: github.com/pengsrc/go-shared
  version: 454950d6a0782c34427d4f29b46c6bf447256f20
  subpackages:
  - check
  - convert
  - json
  - yaml
- name: github.com/pkg/errors
  version: 645ef00459ed84a119197bfb8d8205042c6df63d
- name: github.com/pkg/sftp
  version: f6ec992e480925807f691a585c4c36841357ef89
- name: github.com/pquerna/otp
  version: b7b89250c468c06871d3837bee02e2d5c155ae19
  subpackages:
  - hotp
  - totp
- name: github.com/PuerkitoBio/goquery
  version: dc2ec5c7ca4d9aae063b79b9f581dd3ea6afd2b2
- name: github.com/rfjakob/eme
  version: 2222dbd4ba467ab3fc7e8af41562fcfe69c0d770
- name: github.com/robfig/cron
  version: b41be1df696709bb6395fe435af20370037c0b4c
- name: github.com/sadlil/go-trigger
  version: cfc3d83007cddfc1e31a478aa47cd41de07fac17
- name: github.com/sergi/go-diff
  version: 2fc9cd33b5f86077aa3e0f442fa0476a9fa9a1dc
  subpackages:
  - diffmatchpatch
- name: github.com/sirupsen/logrus
  version: 3e01752db0189b9157070a0e1668a620f9a85da2
- name: github.com/skratchdot/open-golang
  version: 75fb7ed4208cf72d323d7d02fd1a5964a7a9073c
  subpackages:
  - open
- name: github.com/spf13/afero
  version: 5660eeed305fe5f69c8fc6cf899132a459a97064
  subpackages:
  - mem
- name: github.com/spf13/cast
  version: acbeb36b902d72a7a4c18e8f3241075e7ab763e4
- name: github.com/spf13/cobra
  version: b3426bbac13d7110c4d8fce456ea0012f79f3b8b
- name: github.com/spf13/jwalterweatherman
  version: 12bd96e66386c1960ab0f74ced1362f66f552f7b
- name: github.com/spf13/pflag
  version: 4c012f6dcd9546820e378d0bdda4d8fc772cdfea
- name: github.com/spf13/viper
  version: 8ef37cbca71638bf32f3d5e194117d4cb46da163
- name: github.com/src-d/gcfg
  version: f187355171c936ac84a82793659ebb4936bc1c23
  subpackages:
  - scanner
  - token
  - types
- name: github.com/t3rm1n4l/go-mega
  version: 3ba49835f4db01d6329782cbdc7a0a8bb3a26c5f
- name: github.com/tealeg/xlsx
  version: 92caefe99f99872a8fb943097ed2bd47491d0b86
- name: github.com/thoas/stats
  version: 37829025d2242afb04d91572cb143e00019e2aac
- name: github.com/ugorji/go
  version: f96c3ef8537241b4d508df6db3e0337d3130e50b
  subpackages:
  - codec
- name: github.com/Unknwon/goconfig
  version: 87a46d97951ee1ea20ed3b24c25646a79e87ba5d
- name: github.com/valyala/bytebufferpool
  version: e746df99fe4a3986f4d4f79e13c1e0117ce9c2f7
- name: github.com/valyala/fasttemplate
  version: dcecefd839c4193db0d35b88ec65b4c12d360ab0
- name: github.com/VividCortex/ewma
  version: 43880d236f695d39c62cf7aa4ebd4508c258e6c0
- name: github.com/xanzy/ssh-agent
  version: ba9c9e33906f58169366275e3450db66139a31a9
- name: github.com/yunify/qingstor-sdk-go
  version: 088fbd27bd49adf215d02a05c36c5ac2d243d1f1
  subpackages:
  - config
  - logger
  - request
  - request/builder
  - request/data
  - request/errors
  - request/signer
  - request/unpacker
  - service
  - utils
- name: golang.org/x/crypto
  version: 81e90905daefcd6fd217b62423c0908922eadb30
  subpackages:
  - acme
  - acme/autocert
  - bcrypt
  - blowfish
  - curve25519
  - ed25519
  - ed25519/internal/edwards25519
  - nacl/secretbox
  - pbkdf2
  - poly1305
  - salsa20/salsa
  - scrypt
  - ssh
  - ssh/agent
  - ssh/knownhosts
  - ssh/terminal
- name: golang.org/x/net
  version: 1c05540f6879653db88113bc4a2b70aec4bd491f
  subpackages:
  - context
  - context/ctxhttp
  - html
  - html/atom
  - publicsuffix
  - websocket
- name: golang.org/x/oauth2
  version: 9ff8ebcc8e241d46f52ecc5bff0e5a2f2dbef402
  subpackages:
  - google
  - internal
  - jws
  - jwt
- name: golang.org/x/sys
  version: 7ddbeae9ae08c6a06a59597f0c9edbc5ff2444ce
  subpackages:
  - unix
  - windows
- name: golang.org/x/text
  version: b19bf474d317b857955b12035d2c5acb57ce8b01
  subpackages:
  - cases
  - collate
  - internal
  - internal/colltab
  - internal/tag
  - language
  - transform
  - unicode/norm
- name: golang.org/x/time
  version: 6dc17368e09b0e8634d71cac8168d853e869a0c7
  subpackages:
  - rate
- name: google.golang.org/api
  version: 167592a6a784880141ec6f1d98e3f3ed132b98b2
  subpackages:
  - drive/v3
  - gensupport
  - googleapi
  - googleapi/internal/uritemplates
  - storage/v1
- name: google.golang.org/appengine
  version: 9d8544a6b2c7df9cff240fcf92d7b2f59bc13416
  subpackages:
  - cloudsql
  - internal
  - internal/app_identity
  - internal/base
  - internal/datastore
  - internal/log
  - internal/modules
  - internal/remote_api
  - internal/urlfetch
  - urlfetch
- name: gopkg.in/gin-gonic/gin.v1
  version: b869fe1415e4b9eb52f247441830d502aece2d4d
- name: gopkg.in/go-playground/validator.v8
  version: 5f1438d3fca68893a817e4a66806cea46a9e4ebf
- name: gopkg.in/go-playground/validator.v9
  version: e69e9a28bb62b977fdc58d051f1bb477b7cbe486
  subpackages:
  - translations/en
- name: gopkg.in/Masterminds/squirrel.v1
  version: ba9c5a05a8f46889ec7a9c2916f2dcf271074b58
- name: gopkg.in/src-d/go-billy.v3
  version: c329b7bc7b9d24905d2bc1b85bfa29f7ae266314
  subpackages:
  - helper/chroot
  - helper/polyfill
  - osfs
  - util
- name: gopkg.in/src-d/go-git.v4
  version: f9879dd043f84936a1f8acb8a53b74332a7ae135
  subpackages:
  - config
  - internal/revision
  - plumbing
  - plumbing/cache
  - plumbing/filemode
  - plumbing/format/config
  - plumbing/format/diff
  - plumbing/format/gitignore
  - plumbing/format/idxfile
  - plumbing/format/index
  - plumbing/format/objfile
  - plumbing/format/packfile
  - plumbing/format/pktline
  - plumbing/object
  - plumbing/protocol/packp
  - plumbing/protocol/packp/capability
  - plumbing/protocol/packp/sideband
  - plumbing/revlist
  - plumbing/storer
  - plumbing/transport
  - plumbing/transport/client
  - plumbing/transport/file
  - plumbing/transport/git
  - plumbing/transport/http
  - plumbing/transport/internal/common
  - plumbing/transport/server
  - plumbing/transport/ssh
  - storage
  - storage/filesystem
  - storage/filesystem/internal/dotgit
  - storage/memory
  - utils/binary
  - utils/diff
  - utils/ioutil
  - utils/merkletrie
  - utils/merkletrie/filesystem
  - utils/merkletrie/index
  - utils/merkletrie/internal/frame
  - utils/merkletrie/noder
- name: gopkg.in/warnings.v0
  version: 8a331561fe74dadba6edfc59f3be66c22c3b065d
- name: gopkg.in/yaml.v2
  version: eb3733d160e74a9c7e442f435eb3bea458e1d19f
testImports: []
