hash: b7458dc4ef98d03dd48ea55e35154b91b939c5bb8932aae3de3e28ede4e41cbd
updated: 2017-09-12T02:03:35.794232187+05:30
imports:
- name: cloud.google.com/go
  version: 2aa3b3de3db1271dfe6f113c33c185d76da84677
  subpackages:
  - compute/metadata
- name: github.com/advance512/yaml
  version: e401b2b026855a4fa8e7014d553ae5bdfccb21cd
- name: github.com/ahl5esoft/golang-underscore
  version: 4c4738d8de61796a6f759d2813f4ec3ae97baf89
- name: github.com/andybalholm/cascadia
  version: 349dd0209470eabd9514242c688c403c0926d266
- name: github.com/artpar/api2go
  version: 00eb6fa49b5556a5a1ffc9c216df3138c3900e20
  subpackages:
  - jsonapi
  - routing
- name: github.com/artpar/api2go-adapter
  version: 4515b68a9d1972b2246048facb0dfdd8878dda36
  subpackages:
  - gingonic
- name: github.com/artpar/conform
  version: 0a5d4165efbaf1ca49ccdbdf21cd7a2bf63e7f04
- name: github.com/artpar/rclone
  version: 0c71f583f30d341f04cf92f12f2c0747e8aa7163
  subpackages:
  - amazonclouddrive
  - b2
  - b2/api
  - box
  - box/api
  - cmd
  - crypt
  - crypt/pkcs7
  - dircache
  - drive
  - dropbox
  - dropbox/dbhash
  - fs
  - fs/all
  - ftp
  - googlecloudstorage
  - http
  - hubic
  - local
  - oauthutil
  - onedrive
  - onedrive/api
  - pacer
  - qingstor
  - rest
  - s3
  - sftp
  - swift
  - yandex
  - yandex/api
- name: github.com/aws/aws-sdk-go
  version: ae48d7372b4f879cfe994d7a037a6a822cafdde0
  subpackages:
  - aws
  - aws/awserr
  - aws/awsutil
  - aws/client
  - aws/client/metadata
  - aws/corehandlers
  - aws/credentials
  - aws/credentials/ec2rolecreds
  - aws/credentials/endpointcreds
  - aws/credentials/stscreds
  - aws/defaults
  - aws/ec2metadata
  - aws/endpoints
  - aws/request
  - aws/session
  - aws/signer/v4
  - internal/shareddefaults
  - private/protocol
  - private/protocol/query
  - private/protocol/query/queryutil
  - private/protocol/rest
  - private/protocol/restxml
  - private/protocol/xml/xmlutil
  - service/s3
  - service/s3/s3iface
  - service/s3/s3manager
  - service/sts
- name: github.com/boombuler/barcode
  version: 56ef0af91246fb5279df4f87bc3daf1bf7cb9e89
  subpackages:
  - qr
  - utils
- name: github.com/corpix/uarand
  version: 031be390f409fb4bac8fb299e3bcd101479f89f8
- name: github.com/daaku/go.zipexe
  version: a5fe2436ffcb3236e175e5149162b41cd28bd27d
- name: github.com/dgrijalva/jwt-go
  version: d2709f9f1f31ebcda9651b03077758c1f3a0018c
- name: github.com/dlclark/regexp2
  version: 487489b64fb796de2e55f4e8a4ad1e145f80e957
  subpackages:
  - syntax
- name: github.com/dop251/goja
  version: 613f33eefdee5996ef938043efe8f1a9955fb8cc
  subpackages:
  - ast
  - file
  - parser
  - token
- name: github.com/dropbox/dropbox-sdk-go-unofficial
  version: b05850d887adc3fab2e87f337b71b25d4649bf4c
  subpackages:
  - dropbox
  - dropbox/async
  - dropbox/files
  - dropbox/properties
- name: github.com/etgryphon/stringUp
  version: 31534ccd8cac1d3d205c906ea5722928b045ed8c
- name: github.com/fsnotify/fsnotify
  version: 4da3e2cfbabc9f751898f250b49f2439785783a1
- name: github.com/gedex/inflector
  version: 16278e9db8130ac7ec405dc174cfb94344f16325
- name: github.com/GeertJohan/go.rice
  version: c02ca9a983da5807ddf7d796784928f5be4afd09
  subpackages:
  - embedded
- name: github.com/gin-contrib/sse
  version: 22d885f9ecc78bf4ee5d72b937e4bbcdc58e8cae
- name: github.com/gin-gonic/gin
  version: 7fafb3f4a177ca92821dc5bf6e59f17e5f130588
  subpackages:
  - binding
  - json
  - render
- name: github.com/go-ini/ini
  version: 3d73f4b845efdf9989fffd4b4e562727744a34ba
- name: github.com/go-playground/locales
  version: b860c92274dfb72f517b8b4c11c6d9f2f8cc9d91
  subpackages:
  - currency
  - en
- name: github.com/go-playground/universal-translator
  version: b32fa301c9fe55953584134cb6853a13c87ec0a1
- name: github.com/go-playground/validator
  version: a021b2ec9a8a8bb970f3f15bc42617cb520e8a64
- name: github.com/go-sql-driver/mysql
  version: a0583e0143b1624142adab07e0e97fe106d99561
- name: github.com/gocraft/health
  version: 25b40f8580168c1f905a6dba35d471cdc51ca629
  subpackages:
  - stack
- name: github.com/golang/protobuf
  version: 655cdfa588ea190e901bc5590e65d5621688847c
  subpackages:
  - proto
- name: github.com/gonum/blas
  version: 37e82626499e1df7c54aeaba0959fd6e7e8dc1e4
  subpackages:
  - blas64
  - native
  - native/internal/math32
- name: github.com/gonum/floats
  version: f74b330d45c56584a6ea7a27f5c64ea2900631e9
- name: github.com/gonum/internal
  version: e57e4534cf9b3b00ef6c0175f59d8d2d34f60914
  subpackages:
  - asm/f32
  - asm/f64
- name: github.com/gonum/lapack
  version: 5ed4b826becd1807e09377508f51756586d1a98c
  subpackages:
  - lapack64
  - native
- name: github.com/gonum/matrix
  version: dd6034299e4242c9f0ea36735e6d4264dfcb3f9f
  subpackages:
  - mat64
- name: github.com/google/go-querystring
  version: 53e6ce116135b80d037921a7fdd5138cf32d7a8a
  subpackages:
  - query
- name: github.com/hashicorp/hcl
  version: 8f6b1344a92ff8877cf24a5de9177bf7d0a2a187
  subpackages:
  - hcl/ast
  - hcl/parser
  - hcl/scanner
  - hcl/strconv
  - hcl/token
  - json/parser
  - json/scanner
  - json/token
- name: github.com/icrowley/fake
  version: e64cc2cf92049a299f359734c6ea76073f2a8b2c
- name: github.com/inconshreveable/mousetrap
  version: 76626ae9c91c4f2a10f34cad8ce83ea42c93bb75
- name: github.com/jamiealquiza/envy
  version: 0bbd0e6a316f4aedb2fcb3eaaabd3e89d88d606f
- name: github.com/jinzhu/copier
  version: 8bfca8a02a0ce12119cdc4974143c834ca589257
- name: github.com/jlaffaye/ftp
  version: 769512c448b98e9efa243279a7e281248332aa98
- name: github.com/jmespath/go-jmespath
  version: bd40a432e4c76585ef6b72d3fd96fb9b6dc7b68d
- name: github.com/jmoiron/sqlx
  version: d9bd385d68c068f1fabb5057e3dedcbcbb039d0f
  subpackages:
  - reflectx
- name: github.com/json-iterator/go
  version: c15b4d116cb805508fd5862d8761a88076b3cc8e
- name: github.com/julienschmidt/httprouter
  version: 975b5c4c7c21c0e3d2764200bf2aa8e34657ae6e
- name: github.com/kardianos/osext
  version: ae77be60afb1dcacde03767a8c37337fad28ac14
- name: github.com/kniren/gota
  version: 531ec7b7d82e2a7b7355b63011197a29d401aba6
  subpackages:
  - dataframe
  - series
- name: github.com/kr/fs
  version: 2788f0dbd16903de03cb8186e5c7d97b69ad387b
- name: github.com/lann/builder
  version: f22ce00fd9394014049dad11c244859432bd6820
- name: github.com/lann/ps
  version: 62de8c46ede02a7675c4c79c84883eb164cb71e3
- name: github.com/lib/pq
  version: dd1fe2071026ce53f36a39112e645b4d4f5793a4
  subpackages:
  - oid
- name: github.com/looplab/fsm
  version: bcc3636384ce80a109a6039432b30ff5b82476ee
- name: github.com/magiconair/properties
  version: 8d7837e64d3c1ee4e54a880c5a920ab4316fc90a
- name: github.com/mattn/go-isatty
  version: fc9e8d8ef48496124e79ae0df75490096eccf6fe
- name: github.com/mattn/go-sqlite3
  version: ca5e3819723d8eeaf170ad510e7da1d6d2e94a08
- name: github.com/mitchellh/mapstructure
  version: d0303fe809921458f417bcf828397a65db30a7e4
- name: github.com/ncw/go-acd
  version: 96a49aad3fc3889629f2eceb004927386884bd92
- name: github.com/ncw/swift
  version: e3042b26a510db220549150362f6733012148d45
- name: github.com/pelletier/go-toml
  version: 1d6b12b7cb290426e27e6b4e38b89fcda3aeef03
- name: github.com/pengsrc/go-shared
  version: 454950d6a0782c34427d4f29b46c6bf447256f20
  subpackages:
  - check
  - convert
  - json
  - yaml
- name: github.com/pkg/errors
  version: 645ef00459ed84a119197bfb8d8205042c6df63d
- name: github.com/pkg/sftp
  version: 22f089b9c4056cf774ebd695b687d469f2ad4650
- name: github.com/pquerna/otp
  version: bf99dcec38c7d2b0f437a53c047bac9ddbe693ed
  subpackages:
  - hotp
  - totp
- name: github.com/PuerkitoBio/goquery
  version: ce645ea5e67a713599b7415f21f0786451fa9554
- name: github.com/rcrowley/goagain
  version: f2f192b5d1a96e21dd4026ce67cda85e49659a48
- name: github.com/rfjakob/eme
  version: da627cc50b6fb2eb623eaffe91fb29d7eddfd06a
- name: github.com/satori/go.uuid
  version: 879c5887cd475cd7864858769793b2ceb0d44feb
- name: github.com/sirupsen/logrus
  version: f006c2ac4710855cf0f916dd6b77acf6b048dc6e
- name: github.com/skratchdot/open-golang
  version: 75fb7ed4208cf72d323d7d02fd1a5964a7a9073c
  subpackages:
  - open
- name: github.com/spf13/afero
  version: ee1bd8ee15a1306d1f9201acc41ef39cd9f99a1b
  subpackages:
  - mem
- name: github.com/spf13/cast
  version: acbeb36b902d72a7a4c18e8f3241075e7ab763e4
- name: github.com/spf13/cobra
  version: b26b538f693051ac6518e65672de3144ce3fbedc
- name: github.com/spf13/jwalterweatherman
  version: 12bd96e66386c1960ab0f74ced1362f66f552f7b
- name: github.com/spf13/pflag
  version: e57e3eeb33f795204c1ca35f56c44f83227c6e66
- name: github.com/spf13/viper
  version: 25b30aa063fc18e48662b86996252eabdcf2f0c7
- name: github.com/tealeg/xlsx
  version: a06c872a6c402f194e9c817cf30f3840a75f8ffe
- name: github.com/ugorji/go
  version: 5efa3251c7f7d05e5d9704a69a984ec9f1386a40
  subpackages:
  - codec
- name: github.com/Unknwon/goconfig
  version: 87a46d97951ee1ea20ed3b24c25646a79e87ba5d
- name: github.com/VividCortex/ewma
  version: b24eb346a94c3ba12c1da1e564dbac1b498a77ce
- name: github.com/xanzy/ssh-agent
  version: ba9c9e33906f58169366275e3450db66139a31a9
- name: github.com/yunify/qingstor-sdk-go
  version: 69277cb8cc9c83c40b94161a61cb5487661a1afd
  subpackages:
  - config
  - logger
  - request
  - request/builder
  - request/data
  - request/errors
  - request/signer
  - request/unpacker
  - service
  - utils
- name: golang.org/x/crypto
  version: 558b6879de74bc843225cde5686419267ff707ca
  subpackages:
  - bcrypt
  - blowfish
  - curve25519
  - ed25519
  - ed25519/internal/edwards25519
  - nacl/secretbox
  - pbkdf2
  - poly1305
  - salsa20/salsa
  - scrypt
  - ssh
  - ssh/agent
  - ssh/terminal
- name: golang.org/x/net
  version: e45385e9b226f570b1f086bf287b25d3d4117776
  subpackages:
  - context
  - context/ctxhttp
  - html
  - html/atom
  - publicsuffix
- name: golang.org/x/oauth2
  version: b53b38ad8a6435bd399ea76d0fa74f23149cca4e
  subpackages:
  - google
  - internal
  - jws
  - jwt
- name: golang.org/x/sys
  version: 0f826bdd13b500be0f1d4004938ad978fcc6031e
  subpackages:
  - unix
- name: golang.org/x/text
  version: 3bd178b88a8180be2df394a1fbb81313916f0e7b
  subpackages:
  - cases
  - collate
  - internal
  - internal/colltab
  - internal/tag
  - language
  - transform
  - unicode/norm
- name: golang.org/x/time
  version: 8be79e1e0910c292df4e79c241bb7e8f7e725959
  subpackages:
  - rate
- name: google.golang.org/api
  version: 3c107eb0fd1188c1e2f52a3101424b250162144b
  subpackages:
  - drive/v2
  - gensupport
  - googleapi
  - googleapi/internal/uritemplates
  - storage/v1
- name: google.golang.org/appengine
  version: ad2570cd3913654e00c5f0183b39d2f998e54046
  subpackages:
  - internal
  - internal/app_identity
  - internal/base
  - internal/datastore
  - internal/log
  - internal/modules
  - internal/remote_api
  - internal/urlfetch
  - urlfetch
- name: gopkg.in/gin-gonic/gin.v1
  version: d459835d2b077e44f7c9b453505ee29881d5d12d
- name: gopkg.in/go-playground/validator.v8
  version: 5f1438d3fca68893a817e4a66806cea46a9e4ebf
- name: gopkg.in/go-playground/validator.v9
  version: a021b2ec9a8a8bb970f3f15bc42617cb520e8a64
  subpackages:
  - translations/en
- name: gopkg.in/Masterminds/squirrel.v1
  version: 20f192218cf52a73397fa2df45bdda720f3e47c8
- name: gopkg.in/resty.v0
  version: cf81ed0a604d373be63b4c036c6b05c06520615f
- name: gopkg.in/yaml.v2
  version: 25c4ec802a7d637f88d584ab26798e94ad14c13b
testImports: []
